
Microsoft Visual Studio Solution File, Format Version 12.00
# Visual Studio Version 16
VisualStudioVersion = 16.0.30413.136
MinimumVisualStudioVersion = 10.0.40219.1
Project("{2150E333-8FDC-42A3-9474-1A3956D46DE8}") = "1.Presentation", "1.Presentation", "{292F0D2A-418A-4808-AC82-52EF4A65F6C2}"
EndProject
Project("{2150E333-8FDC-42A3-9474-1A3956D46DE8}") = "2.Application", "2.Application", "{4D736E3E-5F7D-4441-A29A-712C3E719FF5}"
EndProject
Project("{2150E333-8FDC-42A3-9474-1A3956D46DE8}") = "3.Data", "3.Data", "{C33B84B1-FB6F-409D-A450-B30F20AAB4D0}"
EndProject
Project("{2150E333-8FDC-42A3-9474-1A3956D46DE8}") = "4.Entities", "4.Entities", "{627711A4-A415-4081-AB26-9E1F1DD08CB2}"
EndProject
Project("{2150E333-8FDC-42A3-9474-1A3956D46DE8}") = "API", "API", "{CC4D0B6D-003F-4253-8E08-8C50458B4306}"
EndProject
Project("{2150E333-8FDC-42A3-9474-1A3956D46DE8}") = "API", "API", "{F9BF270A-661C-4125-B7CE-DFE62991055E}"
EndProject
Project("{FAE04EC0-301F-11D3-BF4B-00C04F79EFBC}") = "ExcelAPI", "1.Presentation\API\ExcelAPI\ExcelAPI.csproj", "{85167906-3122-42B8-94BA-E2C568AB72D0}"
EndProject
Project("{FAE04EC0-301F-11D3-BF4B-00C04F79EFBC}") = "PMESP.TechTest.Dal", "3.Data\PMESP.TechTest.Dal\PMESP.TechTest.Dal\PMESP.TechTest.Dal.csproj", "{18158EDB-CF6C-4B5B-8B70-5F8D0FC30CE7}"
EndProject
Project("{FAE04EC0-301F-11D3-BF4B-00C04F79EFBC}") = "PMSP.TechTest.Bll", "2.Application\PMESP.TechTest.Bll\PMSP.TechTest.Bll\PMSP.TechTest.Bll.csproj", "{BF02ECF1-B5DF-4441-8D7F-6A91A924A40D}"
EndProject
Project("{FAE04EC0-301F-11D3-BF4B-00C04F79EFBC}") = "PMESP.TechTest.Entities", "4.Entities\PMESP.TechTest.Entities\PMESP.TechTest.Entities\PMESP.TechTest.Entities.csproj", "{EA7CF34E-20DD-4297-A745-5EBA4D1B23BC}"
EndProject
Project("{2150E333-8FDC-42A3-9474-1A3956D46DE8}") = "MVC", "MVC", "{3C34B26B-1787-4D36-A7A1-D454DB9862F8}"
EndProject
Project("{FAE04EC0-301F-11D3-BF4B-00C04F79EFBC}") = "PMESP.TechTest.MVC", "1.Presentation\MVC\PMESP.TechTest.MVC\PMESP.TechTest.MVC.csproj", "{3115E36B-310B-4E3C-9E9C-50198A7E719A}"
EndProject
Global
	GlobalSection(SolutionConfigurationPlatforms) = preSolution
		Debug|Any CPU = Debug|Any CPU
		Release|Any CPU = Release|Any CPU
	EndGlobalSection
	GlobalSection(ProjectConfigurationPlatforms) = postSolution
		{85167906-3122-42B8-94BA-E2C568AB72D0}.Debug|Any CPU.ActiveCfg = Debug|Any CPU
		{85167906-3122-42B8-94BA-E2C568AB72D0}.Debug|Any CPU.Build.0 = Debug|Any CPU
		{85167906-3122-42B8-94BA-E2C568AB72D0}.Release|Any CPU.ActiveCfg = Release|Any CPU
		{85167906-3122-42B8-94BA-E2C568AB72D0}.Release|Any CPU.Build.0 = Release|Any CPU
		{18158EDB-CF6C-4B5B-8B70-5F8D0FC30CE7}.Debug|Any CPU.ActiveCfg = Debug|Any CPU
		{18158EDB-CF6C-4B5B-8B70-5F8D0FC30CE7}.Debug|Any CPU.Build.0 = Debug|Any CPU
		{18158EDB-CF6C-4B5B-8B70-5F8D0FC30CE7}.Release|Any CPU.ActiveCfg = Release|Any CPU
		{18158EDB-CF6C-4B5B-8B70-5F8D0FC30CE7}.Release|Any CPU.Build.0 = Release|Any CPU
		{BF02ECF1-B5DF-4441-8D7F-6A91A924A40D}.Debug|Any CPU.ActiveCfg = Debug|Any CPU
		{BF02ECF1-B5DF-4441-8D7F-6A91A924A40D}.Debug|Any CPU.Build.0 = Debug|Any CPU
		{BF02ECF1-B5DF-4441-8D7F-6A91A924A40D}.Release|Any CPU.ActiveCfg = Release|Any CPU
		{BF02ECF1-B5DF-4441-8D7F-6A91A924A40D}.Release|Any CPU.Build.0 = Release|Any CPU
		{EA7CF34E-20DD-4297-A745-5EBA4D1B23BC}.Debug|Any CPU.ActiveCfg = Debug|Any CPU
		{EA7CF34E-20DD-4297-A745-5EBA4D1B23BC}.Debug|Any CPU.Build.0 = Debug|Any CPU
		{EA7CF34E-20DD-4297-A745-5EBA4D1B23BC}.Release|Any CPU.ActiveCfg = Release|Any CPU
		{EA7CF34E-20DD-4297-A745-5EBA4D1B23BC}.Release|Any CPU.Build.0 = Release|Any CPU
		{3115E36B-310B-4E3C-9E9C-50198A7E719A}.Debug|Any CPU.ActiveCfg = Debug|Any CPU
		{3115E36B-310B-4E3C-9E9C-50198A7E719A}.Debug|Any CPU.Build.0 = Debug|Any CPU
		{3115E36B-310B-4E3C-9E9C-50198A7E719A}.Release|Any CPU.ActiveCfg = Release|Any CPU
		{3115E36B-310B-4E3C-9E9C-50198A7E719A}.Release|Any CPU.Build.0 = Release|Any CPU
	EndGlobalSection
	GlobalSection(SolutionProperties) = preSolution
		HideSolutionNode = FALSE
	EndGlobalSection
	GlobalSection(NestedProjects) = preSolution
		{CC4D0B6D-003F-4253-8E08-8C50458B4306} = {292F0D2A-418A-4808-AC82-52EF4A65F6C2}
		{F9BF270A-661C-4125-B7CE-DFE62991055E} = {4D736E3E-5F7D-4441-A29A-712C3E719FF5}
		{85167906-3122-42B8-94BA-E2C568AB72D0} = {CC4D0B6D-003F-4253-8E08-8C50458B4306}
		{18158EDB-CF6C-4B5B-8B70-5F8D0FC30CE7} = {C33B84B1-FB6F-409D-A450-B30F20AAB4D0}
		{BF02ECF1-B5DF-4441-8D7F-6A91A924A40D} = {F9BF270A-661C-4125-B7CE-DFE62991055E}
		{EA7CF34E-20DD-4297-A745-5EBA4D1B23BC} = {627711A4-A415-4081-AB26-9E1F1DD08CB2}
		{3C34B26B-1787-4D36-A7A1-D454DB9862F8} = {292F0D2A-418A-4808-AC82-52EF4A65F6C2}
		{3115E36B-310B-4E3C-9E9C-50198A7E719A} = {3C34B26B-1787-4D36-A7A1-D454DB9862F8}
	EndGlobalSection
	GlobalSection(ExtensibilityGlobals) = postSolution
		SolutionGuid = {3790F696-D6CF-4152-B98F-C28C336F9AAD}
	EndGlobalSection
EndGlobal
